
Microsoft Visual Studio Solution File, Format Version 12.00
# Visual Studio 15
VisualStudioVersion = 15.0.27130.2026
MinimumVisualStudioVersion = 10.0.40219.1
Project("{FAE04EC0-301F-11D3-BF4B-00C04F79EFBC}") = "Ch01Recipe10", "Ch01Recipe10\Ch01Recipe10.csproj", "{68B2A4CC-0F0A-46EE-99D4-E6CD272A1006}"
EndProject
Project("{FAE04EC0-301F-11D3-BF4B-00C04F79EFBC}") = "Ch01Recipe11", "Ch01Recipe11\Ch01Recipe11.csproj", "{AA5EE359-206D-406C-8080-C53F75C8A571}"
EndProject
Project("{FAE04EC0-301F-11D3-BF4B-00C04F79EFBC}") = "Ch01Recipe12", "Ch01Recipe12\Ch01Recipe12.csproj", "{47AD5BA5-318B-4B9D-AE0F-0C07E51972AB}"
EndProject
Project("{FAE04EC0-301F-11D3-BF4B-00C04F79EFBC}") = "Ch01Recipe01", "Ch01Recipe01\Ch01Recipe01.csproj", "{E437CDA5-CC51-4F4F-994C-0D4C1596CFA5}"
EndProject
Project("{FAE04EC0-301F-11D3-BF4B-00C04F79EFBC}") = "Ch01Recipe02", "Ch01Recipe02\Ch01Recipe02.csproj", "{2A331167-628E-49AD-86A5-5454AABDCF8F}"
EndProject
Project("{FAE04EC0-301F-11D3-BF4B-00C04F79EFBC}") = "Ch01Recipe03", "Ch01Recipe03\Ch01Recipe03.csproj", "{CDF68B61-29F0-4AF2-85FD-26C335BAF7CA}"
EndProject
Project("{FAE04EC0-301F-11D3-BF4B-00C04F79EFBC}") = "Ch01Recipe04", "Ch01Recipe04\Ch01Recipe04.csproj", "{68A7EC6F-4F18-49C6-BE2E-1E0DDB92F075}"
EndProject
Project("{FAE04EC0-301F-11D3-BF4B-00C04F79EFBC}") = "Ch01Recipe05", "Ch01Recipe05\Ch01Recipe05.csproj", "{F3FFA601-C3BA-4D36-BD9D-9DF16C8D90CE}"
EndProject
Project("{FAE04EC0-301F-11D3-BF4B-00C04F79EFBC}") = "Ch01Recipe06", "Ch01Recipe06\Ch01Recipe06.csproj", "{FCEF7CC5-2CAC-4D7B-B65C-99082A2F3CBC}"
EndProject
Project("{FAE04EC0-301F-11D3-BF4B-00C04F79EFBC}") = "Ch01Recipe07", "Ch01Recipe07\Ch01Recipe07.csproj", "{4200C900-0E18-49AC-8D0A-2AE908CDF3E6}"
EndProject
Project("{FAE04EC0-301F-11D3-BF4B-00C04F79EFBC}") = "Ch01Recipe08", "Ch01Recipe08\Ch01Recipe08.csproj", "{E64997BA-9702-4047-97CC-3EC406CC1316}"
EndProject
Project("{FAE04EC0-301F-11D3-BF4B-00C04F79EFBC}") = "Ch01Recipe09", "Ch01Recipe09\Ch01Recipe09.csproj", "{647D8715-F60F-46E4-AF4D-9ECB20F688BD}"
EndProject
Project("{FAE04EC0-301F-11D3-BF4B-00C04F79EFBC}") = "Ch02Recipe01", "Ch02Recipe01\Ch02Recipe01.csproj", "{6EC97688-6DE0-4940-A6D1-D6ED8207618F}"
EndProject
Global
	GlobalSection(SolutionConfigurationPlatforms) = preSolution
		Debug|Any CPU = Debug|Any CPU
		Release|Any CPU = Release|Any CPU
	EndGlobalSection
	GlobalSection(ProjectConfigurationPlatforms) = postSolution
		{68B2A4CC-0F0A-46EE-99D4-E6CD272A1006}.Debug|Any CPU.ActiveCfg = Debug|Any CPU
		{68B2A4CC-0F0A-46EE-99D4-E6CD272A1006}.Debug|Any CPU.Build.0 = Debug|Any CPU
		{68B2A4CC-0F0A-46EE-99D4-E6CD272A1006}.Release|Any CPU.ActiveCfg = Release|Any CPU
		{68B2A4CC-0F0A-46EE-99D4-E6CD272A1006}.Release|Any CPU.Build.0 = Release|Any CPU
		{AA5EE359-206D-406C-8080-C53F75C8A571}.Debug|Any CPU.ActiveCfg = Debug|Any CPU
		{AA5EE359-206D-406C-8080-C53F75C8A571}.Debug|Any CPU.Build.0 = Debug|Any CPU
		{AA5EE359-206D-406C-8080-C53F75C8A571}.Release|Any CPU.ActiveCfg = Release|Any CPU
		{AA5EE359-206D-406C-8080-C53F75C8A571}.Release|Any CPU.Build.0 = Release|Any CPU
		{47AD5BA5-318B-4B9D-AE0F-0C07E51972AB}.Debug|Any CPU.ActiveCfg = Debug|Any CPU
		{47AD5BA5-318B-4B9D-AE0F-0C07E51972AB}.Debug|Any CPU.Build.0 = Debug|Any CPU
		{47AD5BA5-318B-4B9D-AE0F-0C07E51972AB}.Release|Any CPU.ActiveCfg = Release|Any CPU
		{47AD5BA5-318B-4B9D-AE0F-0C07E51972AB}.Release|Any CPU.Build.0 = Release|Any CPU
		{E437CDA5-CC51-4F4F-994C-0D4C1596CFA5}.Debug|Any CPU.ActiveCfg = Debug|Any CPU
		{E437CDA5-CC51-4F4F-994C-0D4C1596CFA5}.Debug|Any CPU.Build.0 = Debug|Any CPU
		{E437CDA5-CC51-4F4F-994C-0D4C1596CFA5}.Release|Any CPU.ActiveCfg = Release|Any CPU
		{E437CDA5-CC51-4F4F-994C-0D4C1596CFA5}.Release|Any CPU.Build.0 = Release|Any CPU
		{2A331167-628E-49AD-86A5-5454AABDCF8F}.Debug|Any CPU.ActiveCfg = Debug|Any CPU
		{2A331167-628E-49AD-86A5-5454AABDCF8F}.Debug|Any CPU.Build.0 = Debug|Any CPU
		{2A331167-628E-49AD-86A5-5454AABDCF8F}.Release|Any CPU.ActiveCfg = Release|Any CPU
		{2A331167-628E-49AD-86A5-5454AABDCF8F}.Release|Any CPU.Build.0 = Release|Any CPU
		{CDF68B61-29F0-4AF2-85FD-26C335BAF7CA}.Debug|Any CPU.ActiveCfg = Debug|Any CPU
		{CDF68B61-29F0-4AF2-85FD-26C335BAF7CA}.Debug|Any CPU.Build.0 = Debug|Any CPU
		{CDF68B61-29F0-4AF2-85FD-26C335BAF7CA}.Release|Any CPU.ActiveCfg = Release|Any CPU
		{CDF68B61-29F0-4AF2-85FD-26C335BAF7CA}.Release|Any CPU.Build.0 = Release|Any CPU
		{68A7EC6F-4F18-49C6-BE2E-1E0DDB92F075}.Debug|Any CPU.ActiveCfg = Debug|Any CPU
		{68A7EC6F-4F18-49C6-BE2E-1E0DDB92F075}.Debug|Any CPU.Build.0 = Debug|Any CPU
		{68A7EC6F-4F18-49C6-BE2E-1E0DDB92F075}.Release|Any CPU.ActiveCfg = Release|Any CPU
		{68A7EC6F-4F18-49C6-BE2E-1E0DDB92F075}.Release|Any CPU.Build.0 = Release|Any CPU
		{F3FFA601-C3BA-4D36-BD9D-9DF16C8D90CE}.Debug|Any CPU.ActiveCfg = Debug|Any CPU
		{F3FFA601-C3BA-4D36-BD9D-9DF16C8D90CE}.Debug|Any CPU.Build.0 = Debug|Any CPU
		{F3FFA601-C3BA-4D36-BD9D-9DF16C8D90CE}.Release|Any CPU.ActiveCfg = Release|Any CPU
		{F3FFA601-C3BA-4D36-BD9D-9DF16C8D90CE}.Release|Any CPU.Build.0 = Release|Any CPU
		{FCEF7CC5-2CAC-4D7B-B65C-99082A2F3CBC}.Debug|Any CPU.ActiveCfg = Debug|Any CPU
		{FCEF7CC5-2CAC-4D7B-B65C-99082A2F3CBC}.Debug|Any CPU.Build.0 = Debug|Any CPU
		{FCEF7CC5-2CAC-4D7B-B65C-99082A2F3CBC}.Release|Any CPU.ActiveCfg = Release|Any CPU
		{FCEF7CC5-2CAC-4D7B-B65C-99082A2F3CBC}.Release|Any CPU.Build.0 = Release|Any CPU
		{4200C900-0E18-49AC-8D0A-2AE908CDF3E6}.Debug|Any CPU.ActiveCfg = Debug|Any CPU
		{4200C900-0E18-49AC-8D0A-2AE908CDF3E6}.Debug|Any CPU.Build.0 = Debug|Any CPU
		{4200C900-0E18-49AC-8D0A-2AE908CDF3E6}.Release|Any CPU.ActiveCfg = Release|Any CPU
		{4200C900-0E18-49AC-8D0A-2AE908CDF3E6}.Release|Any CPU.Build.0 = Release|Any CPU
		{E64997BA-9702-4047-97CC-3EC406CC1316}.Debug|Any CPU.ActiveCfg = Debug|Any CPU
		{E64997BA-9702-4047-97CC-3EC406CC1316}.Debug|Any CPU.Build.0 = Debug|Any CPU
		{E64997BA-9702-4047-97CC-3EC406CC1316}.Release|Any CPU.ActiveCfg = Release|Any CPU
		{E64997BA-9702-4047-97CC-3EC406CC1316}.Release|Any CPU.Build.0 = Release|Any CPU
		{647D8715-F60F-46E4-AF4D-9ECB20F688BD}.Debug|Any CPU.ActiveCfg = Debug|Any CPU
		{647D8715-F60F-46E4-AF4D-9ECB20F688BD}.Debug|Any CPU.Build.0 = Debug|Any CPU
		{647D8715-F60F-46E4-AF4D-9ECB20F688BD}.Release|Any CPU.ActiveCfg = Release|Any CPU
		{647D8715-F60F-46E4-AF4D-9ECB20F688BD}.Release|Any CPU.Build.0 = Release|Any CPU
		{6EC97688-6DE0-4940-A6D1-D6ED8207618F}.Debug|Any CPU.ActiveCfg = Debug|Any CPU
		{6EC97688-6DE0-4940-A6D1-D6ED8207618F}.Debug|Any CPU.Build.0 = Debug|Any CPU
		{6EC97688-6DE0-4940-A6D1-D6ED8207618F}.Release|Any CPU.ActiveCfg = Release|Any CPU
		{6EC97688-6DE0-4940-A6D1-D6ED8207618F}.Release|Any CPU.Build.0 = Release|Any CPU
	EndGlobalSection
	GlobalSection(SolutionProperties) = preSolution
		HideSolutionNode = FALSE
	EndGlobalSection
	GlobalSection(ExtensibilityGlobals) = postSolution
		SolutionGuid = {6D6259BD-76B8-44E6-A612-F30060F6BF56}
	EndGlobalSection
EndGlobal
